
Microsoft Visual Studio Solution File, Format Version 12.00
# Visual Studio Version 17
VisualStudioVersion = 17.5.33103.201
MinimumVisualStudioVersion = 10.0.40219.1
Project("{9A19103F-16F7-4668-BE54-9A1E7A4F7556}") = "RefactoringBenchmarks", "RefactoringBenchmarks\RefactoringBenchmarks.csproj", "{2DD25C71-B142-4DB2-B1AF-FA4A470DFECA}"
EndProject
Project("{9A19103F-16F7-4668-BE54-9A1E7A4F7556}") = "Session001", "Session001\Session001.csproj", "{5E8B3C12-EBA0-4E18-BE98-9700AC886B62}"
EndProject
Global
	GlobalSection(SolutionConfigurationPlatforms) = preSolution
		Debug|Any CPU = Debug|Any CPU
		Release|Any CPU = Release|Any CPU
	EndGlobalSection
	GlobalSection(ProjectConfigurationPlatforms) = postSolution
		{2DD25C71-B142-4DB2-B1AF-FA4A470DFECA}.Debug|Any CPU.ActiveCfg = Debug|Any CPU
		{2DD25C71-B142-4DB2-B1AF-FA4A470DFECA}.Debug|Any CPU.Build.0 = Debug|Any CPU
		{2DD25C71-B142-4DB2-B1AF-FA4A470DFECA}.Release|Any CPU.ActiveCfg = Release|Any CPU
		{2DD25C71-B142-4DB2-B1AF-FA4A470DFECA}.Release|Any CPU.Build.0 = Release|Any CPU
		{5E8B3C12-EBA0-4E18-BE98-9700AC886B62}.Debug|Any CPU.ActiveCfg = Debug|Any CPU
		{5E8B3C12-EBA0-4E18-BE98-9700AC886B62}.Debug|Any CPU.Build.0 = Debug|Any CPU
		{5E8B3C12-EBA0-4E18-BE98-9700AC886B62}.Release|Any CPU.ActiveCfg = Release|Any CPU
		{5E8B3C12-EBA0-4E18-BE98-9700AC886B62}.Release|Any CPU.Build.0 = Release|Any CPU
	EndGlobalSection
	GlobalSection(SolutionProperties) = preSolution
		HideSolutionNode = FALSE
	EndGlobalSection
	GlobalSection(ExtensibilityGlobals) = postSolution
		SolutionGuid = {3A779DB4-1B42-404D-B663-A2F415408C17}
	EndGlobalSection
EndGlobal
